// !$*UTF8*$!
{
	archiveVersion = 1;
	classes = {
	};
	objectVersion = 50;
	objects = {

/* Begin PBXBuildFile section */
		950A6A6826BA5113003A0FD0 /* gymAppearance.scnassets in Resources */ = {isa = PBXBuildFile; fileRef = 950A6A6726BA5113003A0FD0 /* gymAppearance.scnassets */; };
		9542C09126B7E768006231DE /* AppDelegate.swift in Sources */ = {isa = PBXBuildFile; fileRef = 9542C09026B7E768006231DE /* AppDelegate.swift */; };
		9542C09326B7E768006231DE /* SceneDelegate.swift in Sources */ = {isa = PBXBuildFile; fileRef = 9542C09226B7E768006231DE /* SceneDelegate.swift */; };
		9542C09526B7E768006231DE /* ViewController.swift in Sources */ = {isa = PBXBuildFile; fileRef = 9542C09426B7E768006231DE /* ViewController.swift */; };
		9542C09826B7E768006231DE /* Main.storyboard in Resources */ = {isa = PBXBuildFile; fileRef = 9542C09626B7E768006231DE /* Main.storyboard */; };
		9542C09A26B7E76B006231DE /* Assets.xcassets in Resources */ = {isa = PBXBuildFile; fileRef = 9542C09926B7E76B006231DE /* Assets.xcassets */; };
		9542C09D26B7E76B006231DE /* LaunchScreen.storyboard in Resources */ = {isa = PBXBuildFile; fileRef = 9542C09B26B7E76B006231DE /* LaunchScreen.storyboard */; };
		957D6BA026BABF8000B69FA2 /* 1F.scn in Resources */ = {isa = PBXBuildFile; fileRef = 957D6B9F26BABF8000B69FA2 /* 1F.scn */; };
		958F1F7026B8604B000F5C8A /* person.obj in Resources */ = {isa = PBXBuildFile; fileRef = 958F1F6E26B8604B000F5C8A /* person.obj */; };
		958F1F7126B8604B000F5C8A /* person.mtl in Resources */ = {isa = PBXBuildFile; fileRef = 958F1F6F26B8604B000F5C8A /* person.mtl */; };
		958F1F9C26B8F34E000F5C8A /* gymScene.scn in Resources */ = {isa = PBXBuildFile; fileRef = 958F1F9B26B8F34E000F5C8A /* gymScene.scn */; };
		958F1FAA26B9147E000F5C8A /* person.scnassets in Resources */ = {isa = PBXBuildFile; fileRef = 958F1FA926B9147E000F5C8A /* person.scnassets */; };
		958F1FB826B93FF3000F5C8A /* desk.scnassets in Resources */ = {isa = PBXBuildFile; fileRef = 958F1FB726B93FF3000F5C8A /* desk.scnassets */; };
		9593E96026BABB230020E4BD /* 1F.scnassets in Resources */ = {isa = PBXBuildFile; fileRef = 9593E95F26BABB230020E4BD /* 1F.scnassets */; };
		9593E96B26BABBBE0020E4BD /* B1.scnassets in Resources */ = {isa = PBXBuildFile; fileRef = 9593E96A26BABBBE0020E4BD /* B1.scnassets */; };
/* End PBXBuildFile section */

/* Begin PBXFileReference section */
		950A6A6726BA5113003A0FD0 /* gymAppearance.scnassets */ = {isa = PBXFileReference; lastKnownFileType = wrapper.scnassets; path = gymAppearance.scnassets; sourceTree = "<group>"; };
		9542C08D26B7E768006231DE /* gym.app */ = {isa = PBXFileReference; explicitFileType = wrapper.application; includeInIndex = 0; path = gym.app; sourceTree = BUILT_PRODUCTS_DIR; };
		9542C09026B7E768006231DE /* AppDelegate.swift */ = {isa = PBXFileReference; lastKnownFileType = sourcecode.swift; path = AppDelegate.swift; sourceTree = "<group>"; };
		9542C09226B7E768006231DE /* SceneDelegate.swift */ = {isa = PBXFileReference; lastKnownFileType = sourcecode.swift; path = SceneDelegate.swift; sourceTree = "<group>"; };
		9542C09426B7E768006231DE /* ViewController.swift */ = {isa = PBXFileReference; lastKnownFileType = sourcecode.swift; path = ViewController.swift; sourceTree = "<group>"; };
		9542C09726B7E768006231DE /* Base */ = {isa = PBXFileReference; lastKnownFileType = file.storyboard; name = Base; path = Base.lproj/Main.storyboard; sourceTree = "<group>"; };
		9542C09926B7E76B006231DE /* Assets.xcassets */ = {isa = PBXFileReference; lastKnownFileType = folder.assetcatalog; path = Assets.xcassets; sourceTree = "<group>"; };
		9542C09C26B7E76B006231DE /* Base */ = {isa = PBXFileReference; lastKnownFileType = file.storyboard; name = Base; path = Base.lproj/LaunchScreen.storyboard; sourceTree = "<group>"; };
		9542C09E26B7E76B006231DE /* Info.plist */ = {isa = PBXFileReference; lastKnownFileType = text.plist.xml; path = Info.plist; sourceTree = "<group>"; };
		957D6B9F26BABF8000B69FA2 /* 1F.scn */ = {isa = PBXFileReference; lastKnownFileType = file.bplist; path = 1F.scn; sourceTree = "<group>"; };
		958F1F6E26B8604B000F5C8A /* person.obj */ = {isa = PBXFileReference; fileEncoding = 4; lastKnownFileType = text; path = person.obj; sourceTree = "<group>"; };
		958F1F6F26B8604B000F5C8A /* person.mtl */ = {isa = PBXFileReference; fileEncoding = 4; lastKnownFileType = text; path = person.mtl; sourceTree = "<group>"; };
		958F1F9B26B8F34E000F5C8A /* gymScene.scn */ = {isa = PBXFileReference; lastKnownFileType = file.bplist; path = gymScene.scn; sourceTree = "<group>"; };
		958F1FA926B9147E000F5C8A /* person.scnassets */ = {isa = PBXFileReference; lastKnownFileType = wrapper.scnassets; path = person.scnassets; sourceTree = "<group>"; };
		958F1FB726B93FF3000F5C8A /* desk.scnassets */ = {isa = PBXFileReference; lastKnownFileType = wrapper.scnassets; path = desk.scnassets; sourceTree = "<group>"; };
		9593E95F26BABB230020E4BD /* 1F.scnassets */ = {isa = PBXFileReference; lastKnownFileType = wrapper.scnassets; path = 1F.scnassets; sourceTree = "<group>"; };
		9593E96A26BABBBE0020E4BD /* B1.scnassets */ = {isa = PBXFileReference; lastKnownFileType = wrapper.scnassets; path = B1.scnassets; sourceTree = "<group>"; };
/* End PBXFileReference section */

/* Begin PBXFrameworksBuildPhase section */
		9542C08A26B7E768006231DE /* Frameworks */ = {
			isa = PBXFrameworksBuildPhase;
			buildActionMask = 2147483647;
			files = (
			);
			runOnlyForDeploymentPostprocessing = 0;
		};
/* End PBXFrameworksBuildPhase section */

/* Begin PBXGroup section */
		9542C08426B7E768006231DE = {
			isa = PBXGroup;
			children = (
				957D6B9F26BABF8000B69FA2 /* 1F.scn */,
				9593E96A26BABBBE0020E4BD /* B1.scnassets */,
				9593E95F26BABB230020E4BD /* 1F.scnassets */,
				950A6A6726BA5113003A0FD0 /* gymAppearance.scnassets */,
				958F1F9B26B8F34E000F5C8A /* gymScene.scn */,
				958F1FB726B93FF3000F5C8A /* desk.scnassets */,
				958F1FA926B9147E000F5C8A /* person.scnassets */,
				9542C08F26B7E768006231DE /* gym */,
				9542C08E26B7E768006231DE /* Products */,
			);
			sourceTree = "<group>";
		};
		9542C08E26B7E768006231DE /* Products */ = {
			isa = PBXGroup;
			children = (
				9542C08D26B7E768006231DE /* gym.app */,
			);
			name = Products;
			sourceTree = "<group>";
		};
		9542C08F26B7E768006231DE /* gym */ = {
			isa = PBXGroup;
			children = (
				9542C09426B7E768006231DE /* ViewController.swift */,
				9542C09626B7E768006231DE /* Main.storyboard */,
				9542C09026B7E768006231DE /* AppDelegate.swift */,
				958F1F6F26B8604B000F5C8A /* person.mtl */,
				958F1F6E26B8604B000F5C8A /* person.obj */,
				9542C09226B7E768006231DE /* SceneDelegate.swift */,
				9542C09926B7E76B006231DE /* Assets.xcassets */,
				9542C09B26B7E76B006231DE /* LaunchScreen.storyboard */,
				9542C09E26B7E76B006231DE /* Info.plist */,
			);
			path = gym;
			sourceTree = "<group>";
		};
/* End PBXGroup section */

/* Begin PBXNativeTarget section */
		9542C08C26B7E768006231DE /* gym */ = {
			isa = PBXNativeTarget;
			buildConfigurationList = 9542C0A126B7E76B006231DE /* Build configuration list for PBXNativeTarget "gym" */;
			buildPhases = (
				9542C08926B7E768006231DE /* Sources */,
				9542C08A26B7E768006231DE /* Frameworks */,
				9542C08B26B7E768006231DE /* Resources */,
			);
			buildRules = (
			);
			dependencies = (
			);
			name = gym;
			productName = gym;
			productReference = 9542C08D26B7E768006231DE /* gym.app */;
			productType = "com.apple.product-type.application";
		};
/* End PBXNativeTarget section */

/* Begin PBXProject section */
		9542C08526B7E768006231DE /* Project object */ = {
			isa = PBXProject;
			attributes = {
				LastSwiftUpdateCheck = 1240;
				LastUpgradeCheck = 1240;
				TargetAttributes = {
					9542C08C26B7E768006231DE = {
						CreatedOnToolsVersion = 12.4;
					};
				};
			};
			buildConfigurationList = 9542C08826B7E768006231DE /* Build configuration list for PBXProject "gym" */;
			compatibilityVersion = "Xcode 9.3";
			developmentRegion = en;
			hasScannedForEncodings = 0;
			knownRegions = (
				en,
				Base,
			);
			mainGroup = 9542C08426B7E768006231DE;
			productRefGroup = 9542C08E26B7E768006231DE /* Products */;
			projectDirPath = "";
			projectRoot = "";
			targets = (
				9542C08C26B7E768006231DE /* gym */,
			);
		};
/* End PBXProject section */

/* Begin PBXResourcesBuildPhase section */
		9542C08B26B7E768006231DE /* Resources */ = {
			isa = PBXResourcesBuildPhase;
			buildActionMask = 2147483647;
			files = (
				958F1FB826B93FF3000F5C8A /* desk.scnassets in Resources */,
				9542C09D26B7E76B006231DE /* LaunchScreen.storyboard in Resources */,
				9542C09A26B7E76B006231DE /* Assets.xcassets in Resources */,
				958F1F7126B8604B000F5C8A /* person.mtl in Resources */,
				958F1F7026B8604B000F5C8A /* person.obj in Resources */,
				9542C09826B7E768006231DE /* Main.storyboard in Resources */,
				958F1FAA26B9147E000F5C8A /* person.scnassets in Resources */,
				957D6BA026BABF8000B69FA2 /* 1F.scn in Resources */,
				950A6A6826BA5113003A0FD0 /* gymAppearance.scnassets in Resources */,
				9593E96B26BABBBE0020E4BD /* B1.scnassets in Resources */,
				9593E96026BABB230020E4BD /* 1F.scnassets in Resources */,
				958F1F9C26B8F34E000F5C8A /* gymScene.scn in Resources */,
			);
			runOnlyForDeploymentPostprocessing = 0;
		};
/* End PBXResourcesBuildPhase section */

/* Begin PBXSourcesBuildPhase section */
		9542C08926B7E768006231DE /* Sources */ = {
			isa = PBXSourcesBuildPhase;
			buildActionMask = 2147483647;
			files = (
				9542C09526B7E768006231DE /* ViewController.swift in Sources */,
				9542C09126B7E768006231DE /* AppDelegate.swift in Sources */,
				9542C09326B7E768006231DE /* SceneDelegate.swift in Sources */,
			);
			runOnlyForDeploymentPostprocessing = 0;
		};
/* End PBXSourcesBuildPhase section */

/* Begin PBXVariantGroup section */
		9542C09626B7E768006231DE /* Main.storyboard */ = {
			isa = PBXVariantGroup;
			children = (
				9542C09726B7E768006231DE /* Base */,
			);
			name = Main.storyboard;
			sourceTree = "<group>";
		};
		9542C09B26B7E76B006231DE /* LaunchScreen.storyboard */ = {
			isa = PBXVariantGroup;
			children = (
				9542C09C26B7E76B006231DE /* Base */,
			);
			name = LaunchScreen.storyboard;
			sourceTree = "<group>";
		};
/* End PBXVariantGroup section */

/* Begin XCBuildConfiguration section */
		9542C09F26B7E76B006231DE /* Debug */ = {
			isa = XCBuildConfiguration;
			buildSettings = {
				ALWAYS_SEARCH_USER_PATHS = NO;
				CLANG_ANALYZER_NONNULL = YES;
				CLANG_ANALYZER_NUMBER_OBJECT_CONVERSION = YES_AGGRESSIVE;
				CLANG_CXX_LANGUAGE_STANDARD = "gnu++14";
				CLANG_CXX_LIBRARY = "libc++";
				CLANG_ENABLE_MODULES = YES;
				CLANG_ENABLE_OBJC_ARC = YES;
				CLANG_ENABLE_OBJC_WEAK = YES;
				CLANG_WARN_BLOCK_CAPTURE_AUTORELEASING = YES;
				CLANG_WARN_BOOL_CONVERSION = YES;
				CLANG_WARN_COMMA = YES;
				CLANG_WARN_CONSTANT_CONVERSION = YES;
				CLANG_WARN_DEPRECATED_OBJC_IMPLEMENTATIONS = YES;
				CLANG_WARN_DIRECT_OBJC_ISA_USAGE = YES_ERROR;
				CLANG_WARN_DOCUMENTATION_COMMENTS = YES;
				CLANG_WARN_EMPTY_BODY = YES;
				CLANG_WARN_ENUM_CONVERSION = YES;
				CLANG_WARN_INFINITE_RECURSION = YES;
				CLANG_WARN_INT_CONVERSION = YES;
				CLANG_WARN_NON_LITERAL_NULL_CONVERSION = YES;
				CLANG_WARN_OBJC_IMPLICIT_RETAIN_SELF = YES;
				CLANG_WARN_OBJC_LITERAL_CONVERSION = YES;
				CLANG_WARN_OBJC_ROOT_CLASS = YES_ERROR;
				CLANG_WARN_QUOTED_INCLUDE_IN_FRAMEWORK_HEADER = YES;
				CLANG_WARN_RANGE_LOOP_ANALYSIS = YES;
				CLANG_WARN_STRICT_PROTOTYPES = YES;
				CLANG_WARN_SUSPICIOUS_MOVE = YES;
				CLANG_WARN_UNGUARDED_AVAILABILITY = YES_AGGRESSIVE;
				CLANG_WARN_UNREACHABLE_CODE = YES;
				CLANG_WARN__DUPLICATE_METHOD_MATCH = YES;
				COPY_PHASE_STRIP = NO;
				DEBUG_INFORMATION_FORMAT = dwarf;
				ENABLE_STRICT_OBJC_MSGSEND = YES;
				ENABLE_TESTABILITY = YES;
				GCC_C_LANGUAGE_STANDARD = gnu11;
				GCC_DYNAMIC_NO_PIC = NO;
				GCC_NO_COMMON_BLOCKS = YES;
				GCC_OPTIMIZATION_LEVEL = 0;
				GCC_PREPROCESSOR_DEFINITIONS = (
					"DEBUG=1",
					"$(inherited)",
				);
				GCC_WARN_64_TO_32_BIT_CONVERSION = YES;
				GCC_WARN_ABOUT_RETURN_TYPE = YES_ERROR;
				GCC_WARN_UNDECLARED_SELECTOR = YES;
				GCC_WARN_UNINITIALIZED_AUTOS = YES_AGGRESSIVE;
				GCC_WARN_UNUSED_FUNCTION = YES;
				GCC_WARN_UNUSED_VARIABLE = YES;
				IPHONEOS_DEPLOYMENT_TARGET = 14.4;
				MTL_ENABLE_DEBUG_INFO = INCLUDE_SOURCE;
				MTL_FAST_MATH = YES;
				ONLY_ACTIVE_ARCH = YES;
				SDKROOT = iphoneos;
				SWIFT_ACTIVE_COMPILATION_CONDITIONS = DEBUG;
				SWIFT_OPTIMIZATION_LEVEL = "-Onone";
			};
			name = Debug;
		};
		9542C0A026B7E76B006231DE /* Release */ = {
			isa = XCBuildConfiguration;
			buildSettings = {
				ALWAYS_SEARCH_USER_PATHS = NO;
				CLANG_ANALYZER_NONNULL = YES;
				CLANG_ANALYZER_NUMBER_OBJECT_CONVERSION = YES_AGGRESSIVE;
				CLANG_CXX_LANGUAGE_STANDARD = "gnu++14";
				CLANG_CXX_LIBRARY = "libc++";
				CLANG_ENABLE_MODULES = YES;
				CLANG_ENABLE_OBJC_ARC = YES;
				CLANG_ENABLE_OBJC_WEAK = YES;
				CLANG_WARN_BLOCK_CAPTURE_AUTORELEASING = YES;
				CLANG_WARN_BOOL_CONVERSION = YES;
				CLANG_WARN_COMMA = YES;
				CLANG_WARN_CONSTANT_CONVERSION = YES;
				CLANG_WARN_DEPRECATED_OBJC_IMPLEMENTATIONS = YES;
				CLANG_WARN_DIRECT_OBJC_ISA_USAGE = YES_ERROR;
				CLANG_WARN_DOCUMENTATION_COMMENTS = YES;
				CLANG_WARN_EMPTY_BODY = YES;
				CLANG_WARN_ENUM_CONVERSION = YES;
				CLANG_WARN_INFINITE_RECURSION = YES;
				CLANG_WARN_INT_CONVERSION = YES;
				CLANG_WARN_NON_LITERAL_NULL_CONVERSION = YES;
				CLANG_WARN_OBJC_IMPLICIT_RETAIN_SELF = YES;
				CLANG_WARN_OBJC_LITERAL_CONVERSION = YES;
				CLANG_WARN_OBJC_ROOT_CLASS = YES_ERROR;
				CLANG_WARN_QUOTED_INCLUDE_IN_FRAMEWORK_HEADER = YES;
				CLANG_WARN_RANGE_LOOP_ANALYSIS = YES;
				CLANG_WARN_STRICT_PROTOTYPES = YES;
				CLANG_WARN_SUSPICIOUS_MOVE = YES;
				CLANG_WARN_UNGUARDED_AVAILABILITY = YES_AGGRESSIVE;
				CLANG_WARN_UNREACHABLE_CODE = YES;
				CLANG_WARN__DUPLICATE_METHOD_MATCH = YES;
				COPY_PHASE_STRIP = NO;
				DEBUG_INFORMATION_FORMAT = "dwarf-with-dsym";
				ENABLE_NS_ASSERTIONS = NO;
				ENABLE_STRICT_OBJC_MSGSEND = YES;
				GCC_C_LANGUAGE_STANDARD = gnu11;
				GCC_NO_COMMON_BLOCKS = YES;
				GCC_WARN_64_TO_32_BIT_CONVERSION = YES;
				GCC_WARN_ABOUT_RETURN_TYPE = YES_ERROR;
				GCC_WARN_UNDECLARED_SELECTOR = YES;
				GCC_WARN_UNINITIALIZED_AUTOS = YES_AGGRESSIVE;
				GCC_WARN_UNUSED_FUNCTION = YES;
				GCC_WARN_UNUSED_VARIABLE = YES;
				IPHONEOS_DEPLOYMENT_TARGET = 14.4;
				MTL_ENABLE_DEBUG_INFO = NO;
				MTL_FAST_MATH = YES;
				SDKROOT = iphoneos;
				SWIFT_COMPILATION_MODE = wholemodule;
				SWIFT_OPTIMIZATION_LEVEL = "-O";
				VALIDATE_PRODUCT = YES;
			};
			name = Release;
		};
		9542C0A226B7E76B006231DE /* Debug */ = {
			isa = XCBuildConfiguration;
			buildSettings = {
				ASSETCATALOG_COMPILER_APPICON_NAME = AppIcon;
				ASSETCATALOG_COMPILER_GLOBAL_ACCENT_COLOR_NAME = AccentColor;
				CODE_SIGN_STYLE = Automatic;
				INFOPLIST_FILE = gym/Info.plist;
				LD_RUNPATH_SEARCH_PATHS = (
					"$(inherited)",
					"@executable_path/Frameworks",
				);
				PRODUCT_BUNDLE_IDENTIFIER = app.gym;
				PRODUCT_NAME = "$(TARGET_NAME)";
				SWIFT_VERSION = 5.0;
				TARGETED_DEVICE_FAMILY = "1,2";
			};
			name = Debug;
		};
		9542C0A326B7E76B006231DE /* Release */ = {
			isa = XCBuildConfiguration;
			buildSettings = {
				ASSETCATALOG_COMPILER_APPICON_NAME = AppIcon;
				ASSETCATALOG_COMPILER_GLOBAL_ACCENT_COLOR_NAME = AccentColor;
				CODE_SIGN_STYLE = Automatic;
				INFOPLIST_FILE = gym/Info.plist;
				LD_RUNPATH_SEARCH_PATHS = (
					"$(inherited)",
					"@executable_path/Frameworks",
				);
				PRODUCT_BUNDLE_IDENTIFIER = app.gym;
				PRODUCT_NAME = "$(TARGET_NAME)";
				SWIFT_VERSION = 5.0;
				TARGETED_DEVICE_FAMILY = "1,2";
			};
			name = Release;
		};
/* End XCBuildConfiguration section */

/* Begin XCConfigurationList section */
		9542C08826B7E768006231DE /* Build configuration list for PBXProject "gym" */ = {
			isa = XCConfigurationList;
			buildConfigurations = (
				9542C09F26B7E76B006231DE /* Debug */,
				9542C0A026B7E76B006231DE /* Release */,
			);
			defaultConfigurationIsVisible = 0;
			defaultConfigurationName = Release;
		};
		9542C0A126B7E76B006231DE /* Build configuration list for PBXNativeTarget "gym" */ = {
			isa = XCConfigurationList;
			buildConfigurations = (
				9542C0A226B7E76B006231DE /* Debug */,
				9542C0A326B7E76B006231DE /* Release */,
			);
			defaultConfigurationIsVisible = 0;
			defaultConfigurationName = Release;
		};
/* End XCConfigurationList section */
	};
	rootObject = 9542C08526B7E768006231DE /* Project object */;
}
